
Microsoft Visual Studio Solution File, Format Version 12.00
# Visual Studio Version 16
VisualStudioVersion = 16.0.30002.166
MinimumVisualStudioVersion = 15.0.26124.0
Project("{9A19103F-16F7-4668-BE54-9A1E7A4F7556}") = "AppWithPlugin", "AppWithPlugin\AppWithPlugin.csproj", "{D73A248D-9A91-4718-A3FF-D5E97524C484}"
EndProject
Project("{9A19103F-16F7-4668-BE54-9A1E7A4F7556}") = "PluginBase", "PluginBase\PluginBase.csproj", "{F621DD36-D13A-4B48-9AB3-7E280B954F5D}"
EndProject
Project("{9A19103F-16F7-4668-BE54-9A1E7A4F7556}") = "HelloPlugin", "HelloPlugin\HelloPlugin.csproj", "{8D46EB0B-2724-4D19-B565-86866ACAACFE}"
EndProject
Project("{9A19103F-16F7-4668-BE54-9A1E7A4F7556}") = "JsonPlugin", "JsonPlugin\JsonPlugin.csproj", "{96E9186D-6FA5-46DC-B40D-C12C36059360}"
EndProject
Global
	GlobalSection(SolutionConfigurationPlatforms) = preSolution
		Debug|Any CPU = Debug|Any CPU
		Debug|x64 = Debug|x64
		Debug|x86 = Debug|x86
		Release|Any CPU = Release|Any CPU
		Release|x64 = Release|x64
		Release|x86 = Release|x86
	EndGlobalSection
	GlobalSection(ProjectConfigurationPlatforms) = postSolution
		{D73A248D-9A91-4718-A3FF-D5E97524C484}.Debug|Any CPU.ActiveCfg = Debug|Any CPU
		{D73A248D-9A91-4718-A3FF-D5E97524C484}.Debug|Any CPU.Build.0 = Debug|Any CPU
		{D73A248D-9A91-4718-A3FF-D5E97524C484}.Debug|x64.ActiveCfg = Debug|Any CPU
		{D73A248D-9A91-4718-A3FF-D5E97524C484}.Debug|x64.Build.0 = Debug|Any CPU
		{D73A248D-9A91-4718-A3FF-D5E97524C484}.Debug|x86.ActiveCfg = Debug|Any CPU
		{D73A248D-9A91-4718-A3FF-D5E97524C484}.Debug|x86.Build.0 = Debug|Any CPU
		{D73A248D-9A91-4718-A3FF-D5E97524C484}.Release|Any CPU.ActiveCfg = Release|Any CPU
		{D73A248D-9A91-4718-A3FF-D5E97524C484}.Release|Any CPU.Build.0 = Release|Any CPU
		{D73A248D-9A91-4718-A3FF-D5E97524C484}.Release|x64.ActiveCfg = Release|Any CPU
		{D73A248D-9A91-4718-A3FF-D5E97524C484}.Release|x64.Build.0 = Release|Any CPU
		{D73A248D-9A91-4718-A3FF-D5E97524C484}.Release|x86.ActiveCfg = Release|Any CPU
		{D73A248D-9A91-4718-A3FF-D5E97524C484}.Release|x86.Build.0 = Release|Any CPU
		{F621DD36-D13A-4B48-9AB3-7E280B954F5D}.Debug|Any CPU.ActiveCfg = Debug|Any CPU
		{F621DD36-D13A-4B48-9AB3-7E280B954F5D}.Debug|Any CPU.Build.0 = Debug|Any CPU
		{F621DD36-D13A-4B48-9AB3-7E280B954F5D}.Debug|x64.ActiveCfg = Debug|Any CPU
		{F621DD36-D13A-4B48-9AB3-7E280B954F5D}.Debug|x64.Build.0 = Debug|Any CPU
		{F621DD36-D13A-4B48-9AB3-7E280B954F5D}.Debug|x86.ActiveCfg = Debug|Any CPU
		{F621DD36-D13A-4B48-9AB3-7E280B954F5D}.Debug|x86.Build.0 = Debug|Any CPU
		{F621DD36-D13A-4B48-9AB3-7E280B954F5D}.Release|Any CPU.ActiveCfg = Release|Any CPU
		{F621DD36-D13A-4B48-9AB3-7E280B954F5D}.Release|Any CPU.Build.0 = Release|Any CPU
		{F621DD36-D13A-4B48-9AB3-7E280B954F5D}.Release|x64.ActiveCfg = Release|Any CPU
		{F621DD36-D13A-4B48-9AB3-7E280B954F5D}.Release|x64.Build.0 = Release|Any CPU
		{F621DD36-D13A-4B48-9AB3-7E280B954F5D}.Release|x86.ActiveCfg = Release|Any CPU
		{F621DD36-D13A-4B48-9AB3-7E280B954F5D}.Release|x86.Build.0 = Release|Any CPU
		{8D46EB0B-2724-4D19-B565-86866ACAACFE}.Debug|Any CPU.ActiveCfg = Debug|Any CPU
		{8D46EB0B-2724-4D19-B565-86866ACAACFE}.Debug|Any CPU.Build.0 = Debug|Any CPU
		{8D46EB0B-2724-4D19-B565-86866ACAACFE}.Debug|x64.ActiveCfg = Debug|Any CPU
		{8D46EB0B-2724-4D19-B565-86866ACAACFE}.Debug|x64.Build.0 = Debug|Any CPU
		{8D46EB0B-2724-4D19-B565-86866ACAACFE}.Debug|x86.ActiveCfg = Debug|Any CPU
		{8D46EB0B-2724-4D19-B565-86866ACAACFE}.Debug|x86.Build.0 = Debug|Any CPU
		{8D46EB0B-2724-4D19-B565-86866ACAACFE}.Release|Any CPU.ActiveCfg = Release|Any CPU
		{8D46EB0B-2724-4D19-B565-86866ACAACFE}.Release|Any CPU.Build.0 = Release|Any CPU
		{8D46EB0B-2724-4D19-B565-86866ACAACFE}.Release|x64.ActiveCfg = Release|Any CPU
		{8D46EB0B-2724-4D19-B565-86866ACAACFE}.Release|x64.Build.0 = Release|Any CPU
		{8D46EB0B-2724-4D19-B565-86866ACAACFE}.Release|x86.ActiveCfg = Release|Any CPU
		{8D46EB0B-2724-4D19-B565-86866ACAACFE}.Release|x86.Build.0 = Release|Any CPU
		{96E9186D-6FA5-46DC-B40D-C12C36059360}.Debug|Any CPU.ActiveCfg = Debug|Any CPU
		{96E9186D-6FA5-46DC-B40D-C12C36059360}.Debug|Any CPU.Build.0 = Debug|Any CPU
		{96E9186D-6FA5-46DC-B40D-C12C36059360}.Debug|x64.ActiveCfg = Debug|Any CPU
		{96E9186D-6FA5-46DC-B40D-C12C36059360}.Debug|x64.Build.0 = Debug|Any CPU
		{96E9186D-6FA5-46DC-B40D-C12C36059360}.Debug|x86.ActiveCfg = Debug|Any CPU
		{96E9186D-6FA5-46DC-B40D-C12C36059360}.Debug|x86.Build.0 = Debug|Any CPU
		{96E9186D-6FA5-46DC-B40D-C12C36059360}.Release|Any CPU.ActiveCfg = Release|Any CPU
		{96E9186D-6FA5-46DC-B40D-C12C36059360}.Release|Any CPU.Build.0 = Release|Any CPU
		{96E9186D-6FA5-46DC-B40D-C12C36059360}.Release|x64.ActiveCfg = Release|Any CPU
		{96E9186D-6FA5-46DC-B40D-C12C36059360}.Release|x64.Build.0 = Release|Any CPU
		{96E9186D-6FA5-46DC-B40D-C12C36059360}.Release|x86.ActiveCfg = Release|Any CPU
		{96E9186D-6FA5-46DC-B40D-C12C36059360}.Release|x86.Build.0 = Release|Any CPU
	EndGlobalSection
	GlobalSection(SolutionProperties) = preSolution
		HideSolutionNode = FALSE
	EndGlobalSection
	GlobalSection(ExtensibilityGlobals) = postSolution
		SolutionGuid = {30E9E60C-26A3-44F8-A251-84F0A07DE10C}
	EndGlobalSection
EndGlobal
